# This file is automatically @generated by Poetry 1.5.1 and should not be changed by hand.

[[package]]
name = "blinkstick"
version = "1.2.0"
description = "Python package to control BlinkStick USB devices."
optional = false
python-versions = "*"
files = [
    {file = "BlinkStick-1.2.0-py3-none-any.whl", hash = "sha256:eeabbb207180b46f92aec392dd508c24e6ddaede6101f4eb54e7a91bed424d08"},
    {file = "BlinkStick-1.2.0.tar.gz", hash = "sha256:a9324e04a3733c89476182bddeb109b4487de0dc7d01f587e07e191d501cb365"},
]

[package.dependencies]
pywinusb = "*"

[[package]]
name = "paho-mqtt"
version = "1.6.1"
description = "MQTT version 5.0/3.1.1 client class"
optional = false
python-versions = "*"
files = [
    {file = "paho-mqtt-1.6.1.tar.gz", hash = "sha256:2a8291c81623aec00372b5a85558a372c747cbca8e9934dfe218638b8eefc26f"},
]

[package.extras]
proxy = ["PySocks"]

[[package]]
name = "pyusb"
version = "1.2.1"
description = "Python USB access module"
optional = false
python-versions = ">=3.6.0"
files = [
    {file = "pyusb-1.2.1-py3-none-any.whl", hash = "sha256:2b4c7cb86dbadf044dfb9d3a4ff69fd217013dbe78a792177a3feb172449ea36"},
    {file = "pyusb-1.2.1.tar.gz", hash = "sha256:a4cc7404a203144754164b8b40994e2849fde1cfff06b08492f12fff9d9de7b9"},
]

[[package]]
name = "pywinusb"
version = "0.4.2"
description = "A package that simplifies USB/HID communications on windows"
optional = false
python-versions = "*"
files = [
    {file = "pywinusb-0.4.2.zip", hash = "sha256:e2f5e89f7b74239ca4843721a9bda0fc99014750630c189a176ec0e1b35e86df"},
]

[[package]]
name = "ruff"
version = "0.0.278"
description = "An extremely fast Python linter, written in Rust."
optional = false
python-versions = ">=3.7"
files = [
    {file = "ruff-0.0.278-py3-none-macosx_10_7_x86_64.whl", hash = "sha256:1a90ebd8f2a554db1ee8d12b2f3aa575acbd310a02cd1a9295b3511a4874cf98"},
    {file = "ruff-0.0.278-py3-none-macosx_10_9_x86_64.macosx_11_0_arm64.macosx_10_9_universal2.whl", hash = "sha256:38ca1c0c8c1221fe64c0a66784c91501d09a8ed02a4dbfdc117c0ce32a81eefc"},
    {file = "ruff-0.0.278-py3-none-manylinux_2_17_aarch64.manylinux2014_aarch64.whl", hash = "sha256:2c62a0bde4d20d087cabce2fa8b012d74c2e985da86d00fb3359880469b90e31"},
    {file = "ruff-0.0.278-py3-none-manylinux_2_17_armv7l.manylinux2014_armv7l.whl", hash = "sha256:7545bb037823cd63dca19280f75a523a68bd3e78e003de74609320d6822b5a52"},
    {file = "ruff-0.0.278-py3-none-manylinux_2_17_i686.manylinux2014_i686.whl", hash = "sha256:8cb380d2d6fdb60656a0b5fa78305535db513fc72ce11f4532cc1641204ef380"},
    {file = "ruff-0.0.278-py3-none-manylinux_2_17_ppc64.manylinux2014_ppc64.whl", hash = "sha256:d11149c7b186f224f2055e437a030cd83b164a43cc0211314c33ad1553ed9c4c"},
    {file = "ruff-0.0.278-py3-none-manylinux_2_17_ppc64le.manylinux2014_ppc64le.whl", hash = "sha256:666e739fb2685277b879d493848afe6933e3be30d40f41fe0e571ad479d57d77"},
    {file = "ruff-0.0.278-py3-none-manylinux_2_17_s390x.manylinux2014_s390x.whl", hash = "sha256:ec8b0469b54315803aaf1fbf9a37162a3849424cab6182496f972ad56e0ea702"},
    {file = "ruff-0.0.278-py3-none-manylinux_2_17_x86_64.manylinux2014_x86_64.whl", hash = "sha256:c25b96602695a147d62a572865b753ef56aff1524abab13b9436724df30f9bd7"},
    {file = "ruff-0.0.278-py3-none-musllinux_1_2_aarch64.whl", hash = "sha256:a48621f5f372d5019662db5b3dbfc5f1450f927683d75f1153fe0ebf20eb9698"},
    {file = "ruff-0.0.278-py3-none-musllinux_1_2_armv7l.whl", hash = "sha256:1078125123a3c68e92463afacedb7e41b15ccafc09e510c6c755a23087afc8de"},
    {file = "ruff-0.0.278-py3-none-musllinux_1_2_i686.whl", hash = "sha256:3ce0d620e257b4cad16e2f0c103b2f43a07981668a3763380542e8a131d11537"},
    {file = "ruff-0.0.278-py3-none-musllinux_1_2_x86_64.whl", hash = "sha256:1cae4c07d334eb588f171f1363fa89a8911047eb93184276be11a24dbbc996c7"},
    {file = "ruff-0.0.278-py3-none-win32.whl", hash = "sha256:70d39f5599d8449082ab8ce542fa98e16413145eb411dd1dc16575b44565d52d"},
    {file = "ruff-0.0.278-py3-none-win_amd64.whl", hash = "sha256:e131595ab7f4ce61a1650463bd2fe304b49e7d0deb0dfa664b92817c97cdba5f"},
    {file = "ruff-0.0.278-py3-none-win_arm64.whl", hash = "sha256:737a0cfb6c36aaa92d97a46957dfd5e55329299074ad06ed12663b98e0c6fc82"},
    {file = "ruff-0.0.278.tar.gz", hash = "sha256:1a9f1d925204cfba81b18368b7ac943befcfccc3a41e170c91353b674c6b7a66"},
]

[metadata]
lock-version = "2.0"
python-versions = "^3.10"
content-hash = "ca4654f3ec8236f684e30ea1c5f6d5c2b132339d1f501984dfb8fd2df47770bd"
